// !$*UTF8*$!
{
	archiveVersion = 1;
	classes = {
	};
	objectVersion = 56;
	objects = {

/* Begin PBXBuildFile section */
		1F05F96029D0359B002CA88A /* Store.swift in Sources */ = {isa = PBXBuildFile; fileRef = 1F05F95F29D0359B002CA88A /* Store.swift */; };
		1F05F96229D035B6002CA88A /* Effect.swift in Sources */ = {isa = PBXBuildFile; fileRef = 1F05F96129D035B6002CA88A /* Effect.swift */; };
		1F05F96429D035D4002CA88A /* Reducer.swift in Sources */ = {isa = PBXBuildFile; fileRef = 1F05F96329D035D4002CA88A /* Reducer.swift */; };
		1F05F96629D035E1002CA88A /* Middleware.swift in Sources */ = {isa = PBXBuildFile; fileRef = 1F05F96529D035E1002CA88A /* Middleware.swift */; };
		1F05F96829D07F80002CA88A /* RandomJokeStoreFactory.swift in Sources */ = {isa = PBXBuildFile; fileRef = 1F05F96729D07F80002CA88A /* RandomJokeStoreFactory.swift */; };
		1F05F96A29D07F91002CA88A /* RandomJokeAction.swift in Sources */ = {isa = PBXBuildFile; fileRef = 1F05F96929D07F91002CA88A /* RandomJokeAction.swift */; };
		1F05F96D29D08117002CA88A /* RefreshJokeMiddleware.swift in Sources */ = {isa = PBXBuildFile; fileRef = 1F05F96C29D08117002CA88A /* RefreshJokeMiddleware.swift */; };
		1F05F96F29D0812A002CA88A /* SubscribeToRandomJokeMiddleware.swift in Sources */ = {isa = PBXBuildFile; fileRef = 1F05F96E29D0812A002CA88A /* SubscribeToRandomJokeMiddleware.swift */; };
		1F4BDD8E29BA4F720005E0CC /* RandomJokeApp.swift in Sources */ = {isa = PBXBuildFile; fileRef = 1F4BDD8D29BA4F720005E0CC /* RandomJokeApp.swift */; };
		1F4BDD9229BA4F750005E0CC /* Assets.xcassets in Resources */ = {isa = PBXBuildFile; fileRef = 1F4BDD9129BA4F750005E0CC /* Assets.xcassets */; };
		1F4BDD9529BA4F750005E0CC /* Preview Assets.xcassets in Resources */ = {isa = PBXBuildFile; fileRef = 1F4BDD9429BA4F750005E0CC /* Preview Assets.xcassets */; };
		1F4BDDA229BA5E590005E0CC /* RandomJokeView.swift in Sources */ = {isa = PBXBuildFile; fileRef = 1F4BDDA129BA5E590005E0CC /* RandomJokeView.swift */; };
		1F4BDDA429BA5E880005E0CC /* RandomJokeState.swift in Sources */ = {isa = PBXBuildFile; fileRef = 1F4BDDA329BA5E880005E0CC /* RandomJokeState.swift */; };
		1F4BDDA629BA5EB20005E0CC /* RandomJokeReducer.swift in Sources */ = {isa = PBXBuildFile; fileRef = 1F4BDDA529BA5EB20005E0CC /* RandomJokeReducer.swift */; };
		1F4BDDAA29BA65B80005E0CC /* RandomJokeDTO.swift in Sources */ = {isa = PBXBuildFile; fileRef = 1F4BDDA929BA65B80005E0CC /* RandomJokeDTO.swift */; };
		1F4BDDAC29BA65EB0005E0CC /* RandomJokeRepository.swift in Sources */ = {isa = PBXBuildFile; fileRef = 1F4BDDAB29BA65EB0005E0CC /* RandomJokeRepository.swift */; };
		1F4BDDAF29BA67DD0005E0CC /* RandomJokeService.swift in Sources */ = {isa = PBXBuildFile; fileRef = 1F4BDDAE29BA67DD0005E0CC /* RandomJokeService.swift */; };
		1F4BDDB129BA67E90005E0CC /* RandomJoke.swift in Sources */ = {isa = PBXBuildFile; fileRef = 1F4BDDB029BA67E90005E0CC /* RandomJoke.swift */; };
/* End PBXBuildFile section */

/* Begin PBXFileReference section */
		1F05F95F29D0359B002CA88A /* Store.swift */ = {isa = PBXFileReference; lastKnownFileType = sourcecode.swift; path = Store.swift; sourceTree = "<group>"; };
		1F05F96129D035B6002CA88A /* Effect.swift */ = {isa = PBXFileReference; lastKnownFileType = sourcecode.swift; path = Effect.swift; sourceTree = "<group>"; };
		1F05F96329D035D4002CA88A /* Reducer.swift */ = {isa = PBXFileReference; lastKnownFileType = sourcecode.swift; path = Reducer.swift; sourceTree = "<group>"; };
		1F05F96529D035E1002CA88A /* Middleware.swift */ = {isa = PBXFileReference; lastKnownFileType = sourcecode.swift; path = Middleware.swift; sourceTree = "<group>"; };
		1F05F96729D07F80002CA88A /* RandomJokeStoreFactory.swift */ = {isa = PBXFileReference; lastKnownFileType = sourcecode.swift; path = RandomJokeStoreFactory.swift; sourceTree = "<group>"; };
		1F05F96929D07F91002CA88A /* RandomJokeAction.swift */ = {isa = PBXFileReference; lastKnownFileType = sourcecode.swift; path = RandomJokeAction.swift; sourceTree = "<group>"; };
		1F05F96C29D08117002CA88A /* RefreshJokeMiddleware.swift */ = {isa = PBXFileReference; lastKnownFileType = sourcecode.swift; path = RefreshJokeMiddleware.swift; sourceTree = "<group>"; };
		1F05F96E29D0812A002CA88A /* SubscribeToRandomJokeMiddleware.swift */ = {isa = PBXFileReference; lastKnownFileType = sourcecode.swift; path = SubscribeToRandomJokeMiddleware.swift; sourceTree = "<group>"; };
		1F4BDD8A29BA4F720005E0CC /* RandomJokeApp.app */ = {isa = PBXFileReference; explicitFileType = wrapper.application; includeInIndex = 0; path = RandomJokeApp.app; sourceTree = BUILT_PRODUCTS_DIR; };
		1F4BDD8D29BA4F720005E0CC /* RandomJokeApp.swift */ = {isa = PBXFileReference; lastKnownFileType = sourcecode.swift; path = RandomJokeApp.swift; sourceTree = "<group>"; };
		1F4BDD9129BA4F750005E0CC /* Assets.xcassets */ = {isa = PBXFileReference; lastKnownFileType = folder.assetcatalog; path = Assets.xcassets; sourceTree = "<group>"; };
		1F4BDD9429BA4F750005E0CC /* Preview Assets.xcassets */ = {isa = PBXFileReference; lastKnownFileType = folder.assetcatalog; path = "Preview Assets.xcassets"; sourceTree = "<group>"; };
		1F4BDDA129BA5E590005E0CC /* RandomJokeView.swift */ = {isa = PBXFileReference; lastKnownFileType = sourcecode.swift; path = RandomJokeView.swift; sourceTree = "<group>"; };
		1F4BDDA329BA5E880005E0CC /* RandomJokeState.swift */ = {isa = PBXFileReference; lastKnownFileType = sourcecode.swift; path = RandomJokeState.swift; sourceTree = "<group>"; };
		1F4BDDA529BA5EB20005E0CC /* RandomJokeReducer.swift */ = {isa = PBXFileReference; lastKnownFileType = sourcecode.swift; path = RandomJokeReducer.swift; sourceTree = "<group>"; };
		1F4BDDA929BA65B80005E0CC /* RandomJokeDTO.swift */ = {isa = PBXFileReference; lastKnownFileType = sourcecode.swift; path = RandomJokeDTO.swift; sourceTree = "<group>"; };
		1F4BDDAB29BA65EB0005E0CC /* RandomJokeRepository.swift */ = {isa = PBXFileReference; lastKnownFileType = sourcecode.swift; path = RandomJokeRepository.swift; sourceTree = "<group>"; };
		1F4BDDAE29BA67DD0005E0CC /* RandomJokeService.swift */ = {isa = PBXFileReference; lastKnownFileType = sourcecode.swift; path = RandomJokeService.swift; sourceTree = "<group>"; };
		1F4BDDB029BA67E90005E0CC /* RandomJoke.swift */ = {isa = PBXFileReference; lastKnownFileType = sourcecode.swift; path = RandomJoke.swift; sourceTree = "<group>"; };
/* End PBXFileReference section */

/* Begin PBXFrameworksBuildPhase section */
		1F4BDD8729BA4F720005E0CC /* Frameworks */ = {
			isa = PBXFrameworksBuildPhase;
			buildActionMask = 2147483647;
			files = (
			);
			runOnlyForDeploymentPostprocessing = 0;
		};
/* End PBXFrameworksBuildPhase section */

/* Begin PBXGroup section */
		1F05F95E29D03591002CA88A /* Framework */ = {
			isa = PBXGroup;
			children = (
				1F05F95F29D0359B002CA88A /* Store.swift */,
				1F05F96129D035B6002CA88A /* Effect.swift */,
				1F05F96329D035D4002CA88A /* Reducer.swift */,
				1F05F96529D035E1002CA88A /* Middleware.swift */,
			);
			path = Framework;
			sourceTree = "<group>";
		};
		1F05F96B29D08107002CA88A /* Domain */ = {
			isa = PBXGroup;
			children = (
				1F05F96729D07F80002CA88A /* RandomJokeStoreFactory.swift */,
				1F05F96C29D08117002CA88A /* RefreshJokeMiddleware.swift */,
				1F05F96E29D0812A002CA88A /* SubscribeToRandomJokeMiddleware.swift */,
			);
			path = Domain;
			sourceTree = "<group>";
		};
		1F4BDD8129BA4F720005E0CC = {
			isa = PBXGroup;
			children = (
				1F4BDD8C29BA4F720005E0CC /* RandomJokeApp */,
				1F4BDD8B29BA4F720005E0CC /* Products */,
			);
			sourceTree = "<group>";
		};
		1F4BDD8B29BA4F720005E0CC /* Products */ = {
			isa = PBXGroup;
			children = (
				1F4BDD8A29BA4F720005E0CC /* RandomJokeApp.app */,
			);
			name = Products;
			sourceTree = "<group>";
		};
		1F4BDD8C29BA4F720005E0CC /* RandomJokeApp */ = {
			isa = PBXGroup;
			children = (
				1F4BDD9C29BA4F890005E0CC /* Resourses */,
				1F4BDD9B29BA4F7E0005E0CC /* Classes */,
				1F4BDD9129BA4F750005E0CC /* Assets.xcassets */,
				1F4BDD9329BA4F750005E0CC /* Preview Content */,
			);
			path = RandomJokeApp;
			sourceTree = "<group>";
		};
		1F4BDD9329BA4F750005E0CC /* Preview Content */ = {
			isa = PBXGroup;
			children = (
				1F4BDD9429BA4F750005E0CC /* Preview Assets.xcassets */,
			);
			path = "Preview Content";
			sourceTree = "<group>";
		};
		1F4BDD9B29BA4F7E0005E0CC /* Classes */ = {
			isa = PBXGroup;
			children = (
				1F05F95E29D03591002CA88A /* Framework */,
				1F4BDD9E29BA5E3D0005E0CC /* Features */,
				1F4BDD9D29BA5E380005E0CC /* Screens */,
				1F4BDD8D29BA4F720005E0CC /* RandomJokeApp.swift */,
			);
			path = Classes;
			sourceTree = "<group>";
		};
		1F4BDD9C29BA4F890005E0CC /* Resourses */ = {
			isa = PBXGroup;
			children = (
			);
			path = Resourses;
			sourceTree = "<group>";
		};
		1F4BDD9D29BA5E380005E0CC /* Screens */ = {
			isa = PBXGroup;
			children = (
				1F4BDD9F29BA5E490005E0CC /* RandomJoke */,
			);
			path = Screens;
			sourceTree = "<group>";
		};
		1F4BDD9E29BA5E3D0005E0CC /* Features */ = {
			isa = PBXGroup;
			children = (
				1F4BDDA729BA65A60005E0CC /* RandomJoke */,
			);
			path = Features;
			sourceTree = "<group>";
		};
		1F4BDD9F29BA5E490005E0CC /* RandomJoke */ = {
			isa = PBXGroup;
			children = (
				1F05F96B29D08107002CA88A /* Domain */,
				1F4BDDA029BA5E500005E0CC /* UI */,
			);
			path = RandomJoke;
			sourceTree = "<group>";
		};
		1F4BDDA029BA5E500005E0CC /* UI */ = {
			isa = PBXGroup;
			children = (
				1F4BDDA129BA5E590005E0CC /* RandomJokeView.swift */,
				1F4BDDA329BA5E880005E0CC /* RandomJokeState.swift */,
				1F4BDDA529BA5EB20005E0CC /* RandomJokeReducer.swift */,
				1F05F96929D07F91002CA88A /* RandomJokeAction.swift */,
			);
			path = UI;
			sourceTree = "<group>";
		};
		1F4BDDA729BA65A60005E0CC /* RandomJoke */ = {
			isa = PBXGroup;
			children = (
				1F4BDDAD29BA67D50005E0CC /* Domain */,
				1F4BDDA829BA65AD0005E0CC /* Data */,
			);
			path = RandomJoke;
			sourceTree = "<group>";
		};
		1F4BDDA829BA65AD0005E0CC /* Data */ = {
			isa = PBXGroup;
			children = (
				1F4BDDA929BA65B80005E0CC /* RandomJokeDTO.swift */,
				1F4BDDAB29BA65EB0005E0CC /* RandomJokeRepository.swift */,
			);
			path = Data;
			sourceTree = "<group>";
		};
		1F4BDDAD29BA67D50005E0CC /* Domain */ = {
			isa = PBXGroup;
			children = (
				1F4BDDAE29BA67DD0005E0CC /* RandomJokeService.swift */,
				1F4BDDB029BA67E90005E0CC /* RandomJoke.swift */,
			);
			path = Domain;
			sourceTree = "<group>";
		};
/* End PBXGroup section */

/* Begin PBXNativeTarget section */
		1F4BDD8929BA4F720005E0CC /* RandomJokeApp */ = {
			isa = PBXNativeTarget;
			buildConfigurationList = 1F4BDD9829BA4F750005E0CC /* Build configuration list for PBXNativeTarget "RandomJokeApp" */;
			buildPhases = (
				1F4BDD8629BA4F720005E0CC /* Sources */,
				1F4BDD8729BA4F720005E0CC /* Frameworks */,
				1F4BDD8829BA4F720005E0CC /* Resources */,
			);
			buildRules = (
			);
			dependencies = (
			);
			name = RandomJokeApp;
			productName = RandomJokeApp;
			productReference = 1F4BDD8A29BA4F720005E0CC /* RandomJokeApp.app */;
			productType = "com.apple.product-type.application";
		};
/* End PBXNativeTarget section */

/* Begin PBXProject section */
		1F4BDD8229BA4F720005E0CC /* Project object */ = {
			isa = PBXProject;
			attributes = {
				BuildIndependentTargetsInParallel = 1;
				LastSwiftUpdateCheck = 1410;
				LastUpgradeCheck = 1410;
				TargetAttributes = {
					1F4BDD8929BA4F720005E0CC = {
						CreatedOnToolsVersion = 14.1;
					};
				};
			};
			buildConfigurationList = 1F4BDD8529BA4F720005E0CC /* Build configuration list for PBXProject "RandomJokeApp" */;
			compatibilityVersion = "Xcode 14.0";
			developmentRegion = en;
			hasScannedForEncodings = 0;
			knownRegions = (
				en,
				Base,
			);
			mainGroup = 1F4BDD8129BA4F720005E0CC;
			productRefGroup = 1F4BDD8B29BA4F720005E0CC /* Products */;
			projectDirPath = "";
			projectRoot = "";
			targets = (
				1F4BDD8929BA4F720005E0CC /* RandomJokeApp */,
			);
		};
/* End PBXProject section */

/* Begin PBXResourcesBuildPhase section */
		1F4BDD8829BA4F720005E0CC /* Resources */ = {
			isa = PBXResourcesBuildPhase;
			buildActionMask = 2147483647;
			files = (
				1F4BDD9529BA4F750005E0CC /* Preview Assets.xcassets in Resources */,
				1F4BDD9229BA4F750005E0CC /* Assets.xcassets in Resources */,
			);
			runOnlyForDeploymentPostprocessing = 0;
		};
/* End PBXResourcesBuildPhase section */

/* Begin PBXSourcesBuildPhase section */
		1F4BDD8629BA4F720005E0CC /* Sources */ = {
			isa = PBXSourcesBuildPhase;
			buildActionMask = 2147483647;
			files = (
				1F05F96229D035B6002CA88A /* Effect.swift in Sources */,
				1F05F96829D07F80002CA88A /* RandomJokeStoreFactory.swift in Sources */,
				1F4BDDA429BA5E880005E0CC /* RandomJokeState.swift in Sources */,
				1F4BDDAC29BA65EB0005E0CC /* RandomJokeRepository.swift in Sources */,
				1F05F96429D035D4002CA88A /* Reducer.swift in Sources */,
				1F4BDDA229BA5E590005E0CC /* RandomJokeView.swift in Sources */,
				1F05F96029D0359B002CA88A /* Store.swift in Sources */,
				1F05F96F29D0812A002CA88A /* SubscribeToRandomJokeMiddleware.swift in Sources */,
				1F4BDDAA29BA65B80005E0CC /* RandomJokeDTO.swift in Sources */,
				1F05F96D29D08117002CA88A /* RefreshJokeMiddleware.swift in Sources */,
				1F4BDDA629BA5EB20005E0CC /* RandomJokeReducer.swift in Sources */,
				1F05F96A29D07F91002CA88A /* RandomJokeAction.swift in Sources */,
				1F4BDDB129BA67E90005E0CC /* RandomJoke.swift in Sources */,
				1F05F96629D035E1002CA88A /* Middleware.swift in Sources */,
				1F4BDD8E29BA4F720005E0CC /* RandomJokeApp.swift in Sources */,
				1F4BDDAF29BA67DD0005E0CC /* RandomJokeService.swift in Sources */,
			);
			runOnlyForDeploymentPostprocessing = 0;
		};
/* End PBXSourcesBuildPhase section */

/* Begin XCBuildConfiguration section */
		1F4BDD9629BA4F750005E0CC /* Debug */ = {
			isa = XCBuildConfiguration;
			buildSettings = {
				ALWAYS_SEARCH_USER_PATHS = NO;
				CLANG_ANALYZER_NONNULL = YES;
				CLANG_ANALYZER_NUMBER_OBJECT_CONVERSION = YES_AGGRESSIVE;
				CLANG_CXX_LANGUAGE_STANDARD = "gnu++20";
				CLANG_ENABLE_MODULES = YES;
				CLANG_ENABLE_OBJC_ARC = YES;
				CLANG_ENABLE_OBJC_WEAK = YES;
				CLANG_WARN_BLOCK_CAPTURE_AUTORELEASING = YES;
				CLANG_WARN_BOOL_CONVERSION = YES;
				CLANG_WARN_COMMA = YES;
				CLANG_WARN_CONSTANT_CONVERSION = YES;
				CLANG_WARN_DEPRECATED_OBJC_IMPLEMENTATIONS = YES;
				CLANG_WARN_DIRECT_OBJC_ISA_USAGE = YES_ERROR;
				CLANG_WARN_DOCUMENTATION_COMMENTS = YES;
				CLANG_WARN_EMPTY_BODY = YES;
				CLANG_WARN_ENUM_CONVERSION = YES;
				CLANG_WARN_INFINITE_RECURSION = YES;
				CLANG_WARN_INT_CONVERSION = YES;
				CLANG_WARN_NON_LITERAL_NULL_CONVERSION = YES;
				CLANG_WARN_OBJC_IMPLICIT_RETAIN_SELF = YES;
				CLANG_WARN_OBJC_LITERAL_CONVERSION = YES;
				CLANG_WARN_OBJC_ROOT_CLASS = YES_ERROR;
				CLANG_WARN_QUOTED_INCLUDE_IN_FRAMEWORK_HEADER = YES;
				CLANG_WARN_RANGE_LOOP_ANALYSIS = YES;
				CLANG_WARN_STRICT_PROTOTYPES = YES;
				CLANG_WARN_SUSPICIOUS_MOVE = YES;
				CLANG_WARN_UNGUARDED_AVAILABILITY = YES_AGGRESSIVE;
				CLANG_WARN_UNREACHABLE_CODE = YES;
				CLANG_WARN__DUPLICATE_METHOD_MATCH = YES;
				COPY_PHASE_STRIP = NO;
				DEBUG_INFORMATION_FORMAT = dwarf;
				ENABLE_STRICT_OBJC_MSGSEND = YES;
				ENABLE_TESTABILITY = YES;
				GCC_C_LANGUAGE_STANDARD = gnu11;
				GCC_DYNAMIC_NO_PIC = NO;
				GCC_NO_COMMON_BLOCKS = YES;
				GCC_OPTIMIZATION_LEVEL = 0;
				GCC_PREPROCESSOR_DEFINITIONS = (
					"DEBUG=1",
					"$(inherited)",
				);
				GCC_WARN_64_TO_32_BIT_CONVERSION = YES;
				GCC_WARN_ABOUT_RETURN_TYPE = YES_ERROR;
				GCC_WARN_UNDECLARED_SELECTOR = YES;
				GCC_WARN_UNINITIALIZED_AUTOS = YES_AGGRESSIVE;
				GCC_WARN_UNUSED_FUNCTION = YES;
				GCC_WARN_UNUSED_VARIABLE = YES;
				IPHONEOS_DEPLOYMENT_TARGET = 16.1;
				MTL_ENABLE_DEBUG_INFO = INCLUDE_SOURCE;
				MTL_FAST_MATH = YES;
				ONLY_ACTIVE_ARCH = YES;
				SDKROOT = iphoneos;
				SWIFT_ACTIVE_COMPILATION_CONDITIONS = DEBUG;
				SWIFT_OPTIMIZATION_LEVEL = "-Onone";
			};
			name = Debug;
		};
		1F4BDD9729BA4F750005E0CC /* Release */ = {
			isa = XCBuildConfiguration;
			buildSettings = {
				ALWAYS_SEARCH_USER_PATHS = NO;
				CLANG_ANALYZER_NONNULL = YES;
				CLANG_ANALYZER_NUMBER_OBJECT_CONVERSION = YES_AGGRESSIVE;
				CLANG_CXX_LANGUAGE_STANDARD = "gnu++20";
				CLANG_ENABLE_MODULES = YES;
				CLANG_ENABLE_OBJC_ARC = YES;
				CLANG_ENABLE_OBJC_WEAK = YES;
				CLANG_WARN_BLOCK_CAPTURE_AUTORELEASING = YES;
				CLANG_WARN_BOOL_CONVERSION = YES;
				CLANG_WARN_COMMA = YES;
				CLANG_WARN_CONSTANT_CONVERSION = YES;
				CLANG_WARN_DEPRECATED_OBJC_IMPLEMENTATIONS = YES;
				CLANG_WARN_DIRECT_OBJC_ISA_USAGE = YES_ERROR;
				CLANG_WARN_DOCUMENTATION_COMMENTS = YES;
				CLANG_WARN_EMPTY_BODY = YES;
				CLANG_WARN_ENUM_CONVERSION = YES;
				CLANG_WARN_INFINITE_RECURSION = YES;
				CLANG_WARN_INT_CONVERSION = YES;
				CLANG_WARN_NON_LITERAL_NULL_CONVERSION = YES;
				CLANG_WARN_OBJC_IMPLICIT_RETAIN_SELF = YES;
				CLANG_WARN_OBJC_LITERAL_CONVERSION = YES;
				CLANG_WARN_OBJC_ROOT_CLASS = YES_ERROR;
				CLANG_WARN_QUOTED_INCLUDE_IN_FRAMEWORK_HEADER = YES;
				CLANG_WARN_RANGE_LOOP_ANALYSIS = YES;
				CLANG_WARN_STRICT_PROTOTYPES = YES;
				CLANG_WARN_SUSPICIOUS_MOVE = YES;
				CLANG_WARN_UNGUARDED_AVAILABILITY = YES_AGGRESSIVE;
				CLANG_WARN_UNREACHABLE_CODE = YES;
				CLANG_WARN__DUPLICATE_METHOD_MATCH = YES;
				COPY_PHASE_STRIP = NO;
				DEBUG_INFORMATION_FORMAT = "dwarf-with-dsym";
				ENABLE_NS_ASSERTIONS = NO;
				ENABLE_STRICT_OBJC_MSGSEND = YES;
				GCC_C_LANGUAGE_STANDARD = gnu11;
				GCC_NO_COMMON_BLOCKS = YES;
				GCC_WARN_64_TO_32_BIT_CONVERSION = YES;
				GCC_WARN_ABOUT_RETURN_TYPE = YES_ERROR;
				GCC_WARN_UNDECLARED_SELECTOR = YES;
				GCC_WARN_UNINITIALIZED_AUTOS = YES_AGGRESSIVE;
				GCC_WARN_UNUSED_FUNCTION = YES;
				GCC_WARN_UNUSED_VARIABLE = YES;
				IPHONEOS_DEPLOYMENT_TARGET = 16.1;
				MTL_ENABLE_DEBUG_INFO = NO;
				MTL_FAST_MATH = YES;
				SDKROOT = iphoneos;
				SWIFT_COMPILATION_MODE = wholemodule;
				SWIFT_OPTIMIZATION_LEVEL = "-O";
				VALIDATE_PRODUCT = YES;
			};
			name = Release;
		};
		1F4BDD9929BA4F750005E0CC /* Debug */ = {
			isa = XCBuildConfiguration;
			buildSettings = {
				ASSETCATALOG_COMPILER_APPICON_NAME = AppIcon;
				ASSETCATALOG_COMPILER_GLOBAL_ACCENT_COLOR_NAME = AccentColor;
				CODE_SIGN_STYLE = Automatic;
				CURRENT_PROJECT_VERSION = 1;
				DEVELOPMENT_ASSET_PATHS = "\"RandomJokeApp/Preview Content\"";
				DEVELOPMENT_TEAM = R48ZVZNF5C;
				ENABLE_PREVIEWS = YES;
				GENERATE_INFOPLIST_FILE = YES;
				INFOPLIST_KEY_UIApplicationSceneManifest_Generation = YES;
				INFOPLIST_KEY_UIApplicationSupportsIndirectInputEvents = YES;
				INFOPLIST_KEY_UILaunchScreen_Generation = YES;
				INFOPLIST_KEY_UISupportedInterfaceOrientations_iPad = "UIInterfaceOrientationPortrait UIInterfaceOrientationPortraitUpsideDown UIInterfaceOrientationLandscapeLeft UIInterfaceOrientationLandscapeRight";
				INFOPLIST_KEY_UISupportedInterfaceOrientations_iPhone = "UIInterfaceOrientationPortrait UIInterfaceOrientationLandscapeLeft UIInterfaceOrientationLandscapeRight";
				LD_RUNPATH_SEARCH_PATHS = (
					"$(inherited)",
					"@executable_path/Frameworks",
				);
				MARKETING_VERSION = 1.0;
				PRODUCT_BUNDLE_IDENTIFIER = de.fabiangroeger.RandomJokeApp;
				PRODUCT_NAME = "$(TARGET_NAME)";
				SWIFT_EMIT_LOC_STRINGS = YES;
				SWIFT_VERSION = 5.0;
				TARGETED_DEVICE_FAMILY = "1,2";
			};
			name = Debug;
		};
		1F4BDD9A29BA4F750005E0CC /* Release */ = {
			isa = XCBuildConfiguration;
			buildSettings = {
				ASSETCATALOG_COMPILER_APPICON_NAME = AppIcon;
				ASSETCATALOG_COMPILER_GLOBAL_ACCENT_COLOR_NAME = AccentColor;
				CODE_SIGN_STYLE = Automatic;
				CURRENT_PROJECT_VERSION = 1;
				DEVELOPMENT_ASSET_PATHS = "\"RandomJokeApp/Preview Content\"";
				DEVELOPMENT_TEAM = R48ZVZNF5C;
				ENABLE_PREVIEWS = YES;
				GENERATE_INFOPLIST_FILE = YES;
				INFOPLIST_KEY_UIApplicationSceneManifest_Generation = YES;
				INFOPLIST_KEY_UIApplicationSupportsIndirectInputEvents = YES;
				INFOPLIST_KEY_UILaunchScreen_Generation = YES;
				INFOPLIST_KEY_UISupportedInterfaceOrientations_iPad = "UIInterfaceOrientationPortrait UIInterfaceOrientationPortraitUpsideDown UIInterfaceOrientationLandscapeLeft UIInterfaceOrientationLandscapeRight";
				INFOPLIST_KEY_UISupportedInterfaceOrientations_iPhone = "UIInterfaceOrientationPortrait UIInterfaceOrientationLandscapeLeft UIInterfaceOrientationLandscapeRight";
				LD_RUNPATH_SEARCH_PATHS = (
					"$(inherited)",
					"@executable_path/Frameworks",
				);
				MARKETING_VERSION = 1.0;
				PRODUCT_BUNDLE_IDENTIFIER = de.fabiangroeger.RandomJokeApp;
				PRODUCT_NAME = "$(TARGET_NAME)";
				SWIFT_EMIT_LOC_STRINGS = YES;
				SWIFT_VERSION = 5.0;
				TARGETED_DEVICE_FAMILY = "1,2";
			};
			name = Release;
		};
/* End XCBuildConfiguration section */

/* Begin XCConfigurationList section */
		1F4BDD8529BA4F720005E0CC /* Build configuration list for PBXProject "RandomJokeApp" */ = {
			isa = XCConfigurationList;
			buildConfigurations = (
				1F4BDD9629BA4F750005E0CC /* Debug */,
				1F4BDD9729BA4F750005E0CC /* Release */,
			);
			defaultConfigurationIsVisible = 0;
			defaultConfigurationName = Release;
		};
		1F4BDD9829BA4F750005E0CC /* Build configuration list for PBXNativeTarget "RandomJokeApp" */ = {
			isa = XCConfigurationList;
			buildConfigurations = (
				1F4BDD9929BA4F750005E0CC /* Debug */,
				1F4BDD9A29BA4F750005E0CC /* Release */,
			);
			defaultConfigurationIsVisible = 0;
			defaultConfigurationName = Release;
		};
/* End XCConfigurationList section */
	};
	rootObject = 1F4BDD8229BA4F720005E0CC /* Project object */;
}
